
Microsoft Visual Studio Solution File, Format Version 11.00
# Visual Studio 2010
Project("{FAE04EC0-301F-11D3-BF4B-00C04F79EFBC}") = "CheckBoxSkin", "CheckBoxSkin\CheckBoxSkin.csproj", "{4B95F453-6BB5-4314-A246-E63676F8B065}"
EndProject
Project("{E24C65DC-7377-472B-9ABA-BC803B73C61A}") = "CheckBoxSkinWeb", "CheckBoxSkinWeb\", "{131722AD-EF98-4094-A8E9-3DF1A0A2BEB3}"
	ProjectSection(WebsiteProperties) = preProject
		TargetFrameworkMoniker = ".NETFramework,Version%3Dv4.0"
		Debug.AspNetCompiler.VirtualPath = "/CheckBoxSkinWeb"
		Debug.AspNetCompiler.PhysicalPath = "CheckBoxSkinWeb\"
		Debug.AspNetCompiler.TargetPath = "PrecompiledWeb\CheckBoxSkinWeb\"
		Debug.AspNetCompiler.Updateable = "true"
		Debug.AspNetCompiler.ForceOverwrite = "true"
		Debug.AspNetCompiler.FixedNames = "false"
		Debug.AspNetCompiler.Debug = "True"
		Release.AspNetCompiler.VirtualPath = "/CheckBoxSkinWeb"
		Release.AspNetCompiler.PhysicalPath = "CheckBoxSkinWeb\"
		Release.AspNetCompiler.TargetPath = "PrecompiledWeb\CheckBoxSkinWeb\"
		Release.AspNetCompiler.Updateable = "true"
		Release.AspNetCompiler.ForceOverwrite = "true"
		Release.AspNetCompiler.FixedNames = "false"
		Release.AspNetCompiler.Debug = "False"
		VWDPort = "59909"
		DefaultWebSiteLanguage = "Visual C#"
		ProjOutputReferences = "{4B95F453-6BB5-4314-A246-E63676F8B065}|ClientBin|true;"
	EndProjectSection
EndProject
Global
	GlobalSection(SolutionConfigurationPlatforms) = preSolution
		Debug|.NET = Debug|.NET
		Debug|Any CPU = Debug|Any CPU
		Debug|Mixed Platforms = Debug|Mixed Platforms
		Release|.NET = Release|.NET
		Release|Any CPU = Release|Any CPU
		Release|Mixed Platforms = Release|Mixed Platforms
	EndGlobalSection
	GlobalSection(ProjectConfigurationPlatforms) = postSolution
		{4B95F453-6BB5-4314-A246-E63676F8B065}.Debug|.NET.ActiveCfg = Debug|Any CPU
		{4B95F453-6BB5-4314-A246-E63676F8B065}.Debug|Any CPU.ActiveCfg = Debug|Any CPU
		{4B95F453-6BB5-4314-A246-E63676F8B065}.Debug|Any CPU.Build.0 = Debug|Any CPU
		{4B95F453-6BB5-4314-A246-E63676F8B065}.Debug|Mixed Platforms.ActiveCfg = Debug|Any CPU
		{4B95F453-6BB5-4314-A246-E63676F8B065}.Debug|Mixed Platforms.Build.0 = Debug|Any CPU
		{4B95F453-6BB5-4314-A246-E63676F8B065}.Release|.NET.ActiveCfg = Release|Any CPU
		{4B95F453-6BB5-4314-A246-E63676F8B065}.Release|Any CPU.ActiveCfg = Release|Any CPU
		{4B95F453-6BB5-4314-A246-E63676F8B065}.Release|Any CPU.Build.0 = Release|Any CPU
		{4B95F453-6BB5-4314-A246-E63676F8B065}.Release|Mixed Platforms.ActiveCfg = Release|Any CPU
		{4B95F453-6BB5-4314-A246-E63676F8B065}.Release|Mixed Platforms.Build.0 = Release|Any CPU
		{131722AD-EF98-4094-A8E9-3DF1A0A2BEB3}.Debug|.NET.ActiveCfg = Debug|.NET
		{131722AD-EF98-4094-A8E9-3DF1A0A2BEB3}.Debug|.NET.Build.0 = Debug|.NET
		{131722AD-EF98-4094-A8E9-3DF1A0A2BEB3}.Debug|Any CPU.ActiveCfg = Debug|.NET
		{131722AD-EF98-4094-A8E9-3DF1A0A2BEB3}.Debug|Mixed Platforms.ActiveCfg = Debug|.NET
		{131722AD-EF98-4094-A8E9-3DF1A0A2BEB3}.Debug|Mixed Platforms.Build.0 = Debug|.NET
		{131722AD-EF98-4094-A8E9-3DF1A0A2BEB3}.Release|.NET.ActiveCfg = Debug|.NET
		{131722AD-EF98-4094-A8E9-3DF1A0A2BEB3}.Release|.NET.Build.0 = Debug|.NET
		{131722AD-EF98-4094-A8E9-3DF1A0A2BEB3}.Release|Any CPU.ActiveCfg = Debug|.NET
		{131722AD-EF98-4094-A8E9-3DF1A0A2BEB3}.Release|Mixed Platforms.ActiveCfg = Debug|.NET
		{131722AD-EF98-4094-A8E9-3DF1A0A2BEB3}.Release|Mixed Platforms.Build.0 = Debug|.NET
	EndGlobalSection
	GlobalSection(SolutionProperties) = preSolution
		HideSolutionNode = FALSE
	EndGlobalSection
EndGlobal
