
Microsoft Visual Studio Solution File, Format Version 10.00
# Visual Studio 2008
Project("{FAE04EC0-301F-11D3-BF4B-00C04F79EFBC}") = "SqlData", "SqlData\SqlData.csproj", "{1663949B-65E2-4D73-91CA-FBC659D739C4}"
EndProject
Project("{FAE04EC0-301F-11D3-BF4B-00C04F79EFBC}") = "SqlData.Web", "SqlData.Web\SqlData.Web.csproj", "{DE3F4642-988A-416D-8CD6-452650889B74}"
EndProject
Global
	GlobalSection(SolutionConfigurationPlatforms) = preSolution
		Debug|Any CPU = Debug|Any CPU
		Release|Any CPU = Release|Any CPU
	EndGlobalSection
	GlobalSection(ProjectConfigurationPlatforms) = postSolution
		{1663949B-65E2-4D73-91CA-FBC659D739C4}.Debug|Any CPU.ActiveCfg = Debug|Any CPU
		{1663949B-65E2-4D73-91CA-FBC659D739C4}.Debug|Any CPU.Build.0 = Debug|Any CPU
		{1663949B-65E2-4D73-91CA-FBC659D739C4}.Release|Any CPU.ActiveCfg = Release|Any CPU
		{1663949B-65E2-4D73-91CA-FBC659D739C4}.Release|Any CPU.Build.0 = Release|Any CPU
		{DE3F4642-988A-416D-8CD6-452650889B74}.Debug|Any CPU.ActiveCfg = Debug|Any CPU
		{DE3F4642-988A-416D-8CD6-452650889B74}.Debug|Any CPU.Build.0 = Debug|Any CPU
		{DE3F4642-988A-416D-8CD6-452650889B74}.Release|Any CPU.ActiveCfg = Release|Any CPU
		{DE3F4642-988A-416D-8CD6-452650889B74}.Release|Any CPU.Build.0 = Release|Any CPU
	EndGlobalSection
	GlobalSection(SolutionProperties) = preSolution
		HideSolutionNode = FALSE
	EndGlobalSection
EndGlobal
