
Microsoft Visual Studio Solution File, Format Version 11.00
# Visual Studio 2010
Project("{FAE04EC0-301F-11D3-BF4B-00C04F79EFBC}") = "CalculatorPackage", "CalculatorPackage\CalculatorPackage.csproj", "{46884DC0-4797-41BB-A9CD-EE506ABCF5DB}"
EndProject
Project("{F2A71F9B-5D33-465A-A702-920D77279786}") = "Calculator", "Calculator\Calculator.fsproj", "{45B6EB9F-B2AC-4BA5-9FCC-6425F74539A0}"
EndProject
Global
	GlobalSection(SolutionConfigurationPlatforms) = preSolution
		Debug|Any CPU = Debug|Any CPU
		Release|Any CPU = Release|Any CPU
	EndGlobalSection
	GlobalSection(ProjectConfigurationPlatforms) = postSolution
		{46884DC0-4797-41BB-A9CD-EE506ABCF5DB}.Debug|Any CPU.ActiveCfg = Debug|Any CPU
		{46884DC0-4797-41BB-A9CD-EE506ABCF5DB}.Debug|Any CPU.Build.0 = Debug|Any CPU
		{46884DC0-4797-41BB-A9CD-EE506ABCF5DB}.Release|Any CPU.ActiveCfg = Release|Any CPU
		{46884DC0-4797-41BB-A9CD-EE506ABCF5DB}.Release|Any CPU.Build.0 = Release|Any CPU
		{45B6EB9F-B2AC-4BA5-9FCC-6425F74539A0}.Debug|Any CPU.ActiveCfg = Debug|Any CPU
		{45B6EB9F-B2AC-4BA5-9FCC-6425F74539A0}.Debug|Any CPU.Build.0 = Debug|Any CPU
		{45B6EB9F-B2AC-4BA5-9FCC-6425F74539A0}.Release|Any CPU.ActiveCfg = Release|Any CPU
		{45B6EB9F-B2AC-4BA5-9FCC-6425F74539A0}.Release|Any CPU.Build.0 = Release|Any CPU
	EndGlobalSection
	GlobalSection(SolutionProperties) = preSolution
		HideSolutionNode = FALSE
	EndGlobalSection
EndGlobal
