
Microsoft Visual Studio Solution File, Format Version 11.00
# Visual Studio 2010
Project("{FAE04EC0-301F-11D3-BF4B-00C04F79EFBC}") = "MagicMirror", "MagicMirror\MagicMirror.csproj", "{F4443AD0-7E28-419D-97BE-4E6BC69719FA}"
EndProject
Project("{FAE04EC0-301F-11D3-BF4B-00C04F79EFBC}") = "MagicMirror.Web", "MagicMirror.Web\MagicMirror.Web.csproj", "{5AF8109B-FF63-4C96-B916-71BE59939090}"
EndProject
Global
	GlobalSection(SolutionConfigurationPlatforms) = preSolution
		Debug|Any CPU = Debug|Any CPU
		Release|Any CPU = Release|Any CPU
	EndGlobalSection
	GlobalSection(ProjectConfigurationPlatforms) = postSolution
		{F4443AD0-7E28-419D-97BE-4E6BC69719FA}.Debug|Any CPU.ActiveCfg = Debug|Any CPU
		{F4443AD0-7E28-419D-97BE-4E6BC69719FA}.Debug|Any CPU.Build.0 = Debug|Any CPU
		{F4443AD0-7E28-419D-97BE-4E6BC69719FA}.Release|Any CPU.ActiveCfg = Release|Any CPU
		{F4443AD0-7E28-419D-97BE-4E6BC69719FA}.Release|Any CPU.Build.0 = Release|Any CPU
		{5AF8109B-FF63-4C96-B916-71BE59939090}.Debug|Any CPU.ActiveCfg = Debug|Any CPU
		{5AF8109B-FF63-4C96-B916-71BE59939090}.Debug|Any CPU.Build.0 = Debug|Any CPU
		{5AF8109B-FF63-4C96-B916-71BE59939090}.Release|Any CPU.ActiveCfg = Release|Any CPU
		{5AF8109B-FF63-4C96-B916-71BE59939090}.Release|Any CPU.Build.0 = Release|Any CPU
	EndGlobalSection
	GlobalSection(SolutionProperties) = preSolution
		HideSolutionNode = FALSE
	EndGlobalSection
EndGlobal
