
Microsoft Visual Studio Solution File, Format Version 10.00
# Visual Studio 2008
Project("{FAE04EC0-301F-11D3-BF4B-00C04F79EFBC}") = "VideoRSSViewer", "VideoRSSViewer\VideoRSSViewer.csproj", "{E1B10D89-5D47-4254-9F8C-AB70B61EA429}"
EndProject
Project("{E24C65DC-7377-472B-9ABA-BC803B73C61A}") = "VideoRSSViewer_Web", "VideoRSSViewer_Web\", "{C77DD67A-40A1-48D6-8B87-89D143E73D0F}"
	ProjectSection(WebsiteProperties) = preProject
		TargetFramework = "3.5"
		Debug.AspNetCompiler.VirtualPath = "/VideoRSSViewer_Web"
		Debug.AspNetCompiler.PhysicalPath = "VideoRSSViewer_Web\"
		Debug.AspNetCompiler.TargetPath = "PrecompiledWeb\VideoRSSViewer_Web\"
		Debug.AspNetCompiler.Updateable = "true"
		Debug.AspNetCompiler.ForceOverwrite = "true"
		Debug.AspNetCompiler.FixedNames = "false"
		Debug.AspNetCompiler.Debug = "True"
		Release.AspNetCompiler.VirtualPath = "/VideoRSSViewer_Web"
		Release.AspNetCompiler.PhysicalPath = "VideoRSSViewer_Web\"
		Release.AspNetCompiler.TargetPath = "PrecompiledWeb\VideoRSSViewer_Web\"
		Release.AspNetCompiler.Updateable = "true"
		Release.AspNetCompiler.ForceOverwrite = "true"
		Release.AspNetCompiler.FixedNames = "false"
		Release.AspNetCompiler.Debug = "False"
		VWDPort = "63277"
		DefaultWebSiteLanguage = "Visual C#"
		ProjOutputReferences = "{E1B10D89-5D47-4254-9F8C-AB70B61EA429}|;"
	EndProjectSection
EndProject
Global
	GlobalSection(SolutionConfigurationPlatforms) = preSolution
		Debug|.NET = Debug|.NET
		Debug|Any CPU = Debug|Any CPU
		Debug|Mixed Platforms = Debug|Mixed Platforms
		Release|.NET = Release|.NET
		Release|Any CPU = Release|Any CPU
		Release|Mixed Platforms = Release|Mixed Platforms
	EndGlobalSection
	GlobalSection(ProjectConfigurationPlatforms) = postSolution
		{E1B10D89-5D47-4254-9F8C-AB70B61EA429}.Debug|.NET.ActiveCfg = Debug|Any CPU
		{E1B10D89-5D47-4254-9F8C-AB70B61EA429}.Debug|Any CPU.ActiveCfg = Debug|Any CPU
		{E1B10D89-5D47-4254-9F8C-AB70B61EA429}.Debug|Any CPU.Build.0 = Debug|Any CPU
		{E1B10D89-5D47-4254-9F8C-AB70B61EA429}.Debug|Mixed Platforms.ActiveCfg = Debug|Any CPU
		{E1B10D89-5D47-4254-9F8C-AB70B61EA429}.Debug|Mixed Platforms.Build.0 = Debug|Any CPU
		{E1B10D89-5D47-4254-9F8C-AB70B61EA429}.Release|.NET.ActiveCfg = Release|Any CPU
		{E1B10D89-5D47-4254-9F8C-AB70B61EA429}.Release|Any CPU.ActiveCfg = Release|Any CPU
		{E1B10D89-5D47-4254-9F8C-AB70B61EA429}.Release|Any CPU.Build.0 = Release|Any CPU
		{E1B10D89-5D47-4254-9F8C-AB70B61EA429}.Release|Mixed Platforms.ActiveCfg = Release|Any CPU
		{E1B10D89-5D47-4254-9F8C-AB70B61EA429}.Release|Mixed Platforms.Build.0 = Release|Any CPU
		{C77DD67A-40A1-48D6-8B87-89D143E73D0F}.Debug|.NET.ActiveCfg = Debug|.NET
		{C77DD67A-40A1-48D6-8B87-89D143E73D0F}.Debug|.NET.Build.0 = Debug|.NET
		{C77DD67A-40A1-48D6-8B87-89D143E73D0F}.Debug|Any CPU.ActiveCfg = Debug|.NET
		{C77DD67A-40A1-48D6-8B87-89D143E73D0F}.Debug|Mixed Platforms.ActiveCfg = Debug|.NET
		{C77DD67A-40A1-48D6-8B87-89D143E73D0F}.Debug|Mixed Platforms.Build.0 = Debug|.NET
		{C77DD67A-40A1-48D6-8B87-89D143E73D0F}.Release|.NET.ActiveCfg = Debug|.NET
		{C77DD67A-40A1-48D6-8B87-89D143E73D0F}.Release|.NET.Build.0 = Debug|.NET
		{C77DD67A-40A1-48D6-8B87-89D143E73D0F}.Release|Any CPU.ActiveCfg = Debug|.NET
		{C77DD67A-40A1-48D6-8B87-89D143E73D0F}.Release|Mixed Platforms.ActiveCfg = Debug|.NET
		{C77DD67A-40A1-48D6-8B87-89D143E73D0F}.Release|Mixed Platforms.Build.0 = Debug|.NET
	EndGlobalSection
	GlobalSection(SolutionProperties) = preSolution
		HideSolutionNode = FALSE
	EndGlobalSection
EndGlobal
