
Microsoft Visual Studio Solution File, Format Version 11.00
# Visual Studio 2010
Project("{FAE04EC0-301F-11D3-BF4B-00C04F79EFBC}") = "MultipleXap", "MultipleXap\MultipleXap.csproj", "{F99341D8-92ED-41C4-A292-59E1953BECEC}"
EndProject
Project("{00000000-0000-0000-0000-000000000000}") = "MultipleXap_Web", "MultipleXap_Web\MultipleXap_Web.csproj", "{51FF0E76-D9E7-420C-984E-8764CC6EFE77}"
EndProject
Project("{FAE04EC0-301F-11D3-BF4B-00C04F79EFBC}") = "MultipleXap1", "MultipleXap1\MultipleXap1.csproj", "{A350B9F4-77FB-4F4D-B3D9-BB5A452A2949}"
EndProject
Global
	GlobalSection(SolutionConfigurationPlatforms) = preSolution
		Debug|Any CPU = Debug|Any CPU
		Release|Any CPU = Release|Any CPU
	EndGlobalSection
	GlobalSection(ProjectConfigurationPlatforms) = postSolution
		{F99341D8-92ED-41C4-A292-59E1953BECEC}.Debug|Any CPU.ActiveCfg = Debug|Any CPU
		{F99341D8-92ED-41C4-A292-59E1953BECEC}.Debug|Any CPU.Build.0 = Debug|Any CPU
		{F99341D8-92ED-41C4-A292-59E1953BECEC}.Release|Any CPU.ActiveCfg = Release|Any CPU
		{F99341D8-92ED-41C4-A292-59E1953BECEC}.Release|Any CPU.Build.0 = Release|Any CPU
		{51FF0E76-D9E7-420C-984E-8764CC6EFE77}.Debug|Any CPU.ActiveCfg = Debug|Any CPU
		{51FF0E76-D9E7-420C-984E-8764CC6EFE77}.Debug|Any CPU.Build.0 = Debug|Any CPU
		{51FF0E76-D9E7-420C-984E-8764CC6EFE77}.Release|Any CPU.ActiveCfg = Release|Any CPU
		{51FF0E76-D9E7-420C-984E-8764CC6EFE77}.Release|Any CPU.Build.0 = Release|Any CPU
		{A350B9F4-77FB-4F4D-B3D9-BB5A452A2949}.Debug|Any CPU.ActiveCfg = Debug|Any CPU
		{A350B9F4-77FB-4F4D-B3D9-BB5A452A2949}.Debug|Any CPU.Build.0 = Debug|Any CPU
		{A350B9F4-77FB-4F4D-B3D9-BB5A452A2949}.Release|Any CPU.ActiveCfg = Release|Any CPU
		{A350B9F4-77FB-4F4D-B3D9-BB5A452A2949}.Release|Any CPU.Build.0 = Release|Any CPU
	EndGlobalSection
	GlobalSection(SolutionProperties) = preSolution
		HideSolutionNode = FALSE
	EndGlobalSection
EndGlobal
