
Microsoft Visual Studio Solution File, Format Version 11.00
# Visual Studio 2010
Project("{FAE04EC0-301F-11D3-BF4B-00C04F79EFBC}") = "ImageGallery", "ImageGallery\ImageGallery.csproj", "{9A0902C5-C2EC-4C76-A9D0-CE500C048CB6}"
EndProject
Project("{FAE04EC0-301F-11D3-BF4B-00C04F79EFBC}") = "ImageGallery.Web", "ImageGallery.Web\ImageGallery.Web.csproj", "{07755E51-A772-48B3-989A-8085F447E7BB}"
EndProject
Project("{FAE04EC0-301F-11D3-BF4B-00C04F79EFBC}") = "ContextMenu", "ContextMenu\ContextMenu.csproj", "{94F191BE-3A40-4091-A196-44EC5C5DD409}"
EndProject
Global
	GlobalSection(SolutionConfigurationPlatforms) = preSolution
		Debug|Any CPU = Debug|Any CPU
		Release|Any CPU = Release|Any CPU
	EndGlobalSection
	GlobalSection(ProjectConfigurationPlatforms) = postSolution
		{9A0902C5-C2EC-4C76-A9D0-CE500C048CB6}.Debug|Any CPU.ActiveCfg = Debug|Any CPU
		{9A0902C5-C2EC-4C76-A9D0-CE500C048CB6}.Debug|Any CPU.Build.0 = Debug|Any CPU
		{9A0902C5-C2EC-4C76-A9D0-CE500C048CB6}.Release|Any CPU.ActiveCfg = Release|Any CPU
		{9A0902C5-C2EC-4C76-A9D0-CE500C048CB6}.Release|Any CPU.Build.0 = Release|Any CPU
		{07755E51-A772-48B3-989A-8085F447E7BB}.Debug|Any CPU.ActiveCfg = Debug|Any CPU
		{07755E51-A772-48B3-989A-8085F447E7BB}.Debug|Any CPU.Build.0 = Debug|Any CPU
		{07755E51-A772-48B3-989A-8085F447E7BB}.Release|Any CPU.ActiveCfg = Release|Any CPU
		{07755E51-A772-48B3-989A-8085F447E7BB}.Release|Any CPU.Build.0 = Release|Any CPU
		{94F191BE-3A40-4091-A196-44EC5C5DD409}.Debug|Any CPU.ActiveCfg = Debug|Any CPU
		{94F191BE-3A40-4091-A196-44EC5C5DD409}.Debug|Any CPU.Build.0 = Debug|Any CPU
		{94F191BE-3A40-4091-A196-44EC5C5DD409}.Release|Any CPU.ActiveCfg = Release|Any CPU
		{94F191BE-3A40-4091-A196-44EC5C5DD409}.Release|Any CPU.Build.0 = Release|Any CPU
	EndGlobalSection
	GlobalSection(SolutionProperties) = preSolution
		HideSolutionNode = FALSE
	EndGlobalSection
EndGlobal
