
Microsoft Visual Studio Solution File, Format Version 11.00
# Visual Studio 2010
Project("{FAE04EC0-301F-11D3-BF4B-00C04F79EFBC}") = "ReflectionIT.Silverlight.CountDown", "SilverlightApplication15\ReflectionIT.Silverlight.CountDown.csproj", "{5F7DBE3B-1547-4FBD-B266-179BF55B83DD}"
EndProject
Project("{E24C65DC-7377-472B-9ABA-BC803B73C61A}") = "CountDown.Web", "CountDown.Web\", "{ACEF3BB1-FBD8-46E8-87B8-01AA68D32EBE}"
	ProjectSection(WebsiteProperties) = preProject
		TargetFrameworkMoniker = ".NETFramework,Version%3Dv4.0"
		Debug.AspNetCompiler.VirtualPath = "/CountDown.Web"
		Debug.AspNetCompiler.PhysicalPath = "CountDown.Web\"
		Debug.AspNetCompiler.TargetPath = "PrecompiledWeb\CountDown.Web\"
		Debug.AspNetCompiler.Updateable = "true"
		Debug.AspNetCompiler.ForceOverwrite = "true"
		Debug.AspNetCompiler.FixedNames = "false"
		Debug.AspNetCompiler.Debug = "True"
		Release.AspNetCompiler.VirtualPath = "/CountDown.Web"
		Release.AspNetCompiler.PhysicalPath = "CountDown.Web\"
		Release.AspNetCompiler.TargetPath = "PrecompiledWeb\CountDown.Web\"
		Release.AspNetCompiler.Updateable = "true"
		Release.AspNetCompiler.ForceOverwrite = "true"
		Release.AspNetCompiler.FixedNames = "false"
		Release.AspNetCompiler.Debug = "False"
		VWDPort = "7269"
		ProjOutputReferences = "{5F7DBE3B-1547-4FBD-B266-179BF55B83DD}|ClientBin|false;"
	EndProjectSection
EndProject
Global
	GlobalSection(SolutionConfigurationPlatforms) = preSolution
		Debug|Any CPU = Debug|Any CPU
		Release|Any CPU = Release|Any CPU
	EndGlobalSection
	GlobalSection(ProjectConfigurationPlatforms) = postSolution
		{5F7DBE3B-1547-4FBD-B266-179BF55B83DD}.Debug|Any CPU.ActiveCfg = Debug|Any CPU
		{5F7DBE3B-1547-4FBD-B266-179BF55B83DD}.Debug|Any CPU.Build.0 = Debug|Any CPU
		{5F7DBE3B-1547-4FBD-B266-179BF55B83DD}.Release|Any CPU.ActiveCfg = Release|Any CPU
		{5F7DBE3B-1547-4FBD-B266-179BF55B83DD}.Release|Any CPU.Build.0 = Release|Any CPU
		{ACEF3BB1-FBD8-46E8-87B8-01AA68D32EBE}.Debug|Any CPU.ActiveCfg = Debug|Any CPU
		{ACEF3BB1-FBD8-46E8-87B8-01AA68D32EBE}.Debug|Any CPU.Build.0 = Debug|Any CPU
		{ACEF3BB1-FBD8-46E8-87B8-01AA68D32EBE}.Release|Any CPU.ActiveCfg = Debug|Any CPU
		{ACEF3BB1-FBD8-46E8-87B8-01AA68D32EBE}.Release|Any CPU.Build.0 = Debug|Any CPU
	EndGlobalSection
	GlobalSection(SolutionProperties) = preSolution
		HideSolutionNode = FALSE
	EndGlobalSection
EndGlobal
