
Microsoft Visual Studio Solution File, Format Version 10.00
# Visual Studio 2008
Project("{FAE04EC0-301F-11D3-BF4B-00C04F79EFBC}") = "Resizer", "Resizer\Resizer.csproj", "{F53B26C2-8C3F-4455-AA68-1FF07C278352}"
EndProject
Project("{FAE04EC0-301F-11D3-BF4B-00C04F79EFBC}") = "Resizer.Web", "Resizer.Web\Resizer.Web.csproj", "{E513FB0C-C144-4E5C-B53E-E204EA8501F9}"
EndProject
Global
	GlobalSection(SolutionConfigurationPlatforms) = preSolution
		Debug|Any CPU = Debug|Any CPU
		Release|Any CPU = Release|Any CPU
	EndGlobalSection
	GlobalSection(ProjectConfigurationPlatforms) = postSolution
		{F53B26C2-8C3F-4455-AA68-1FF07C278352}.Debug|Any CPU.ActiveCfg = Debug|Any CPU
		{F53B26C2-8C3F-4455-AA68-1FF07C278352}.Debug|Any CPU.Build.0 = Debug|Any CPU
		{F53B26C2-8C3F-4455-AA68-1FF07C278352}.Release|Any CPU.ActiveCfg = Release|Any CPU
		{F53B26C2-8C3F-4455-AA68-1FF07C278352}.Release|Any CPU.Build.0 = Release|Any CPU
		{E513FB0C-C144-4E5C-B53E-E204EA8501F9}.Debug|Any CPU.ActiveCfg = Debug|Any CPU
		{E513FB0C-C144-4E5C-B53E-E204EA8501F9}.Debug|Any CPU.Build.0 = Debug|Any CPU
		{E513FB0C-C144-4E5C-B53E-E204EA8501F9}.Release|Any CPU.ActiveCfg = Release|Any CPU
		{E513FB0C-C144-4E5C-B53E-E204EA8501F9}.Release|Any CPU.Build.0 = Release|Any CPU
	EndGlobalSection
	GlobalSection(SolutionProperties) = preSolution
		HideSolutionNode = FALSE
	EndGlobalSection
EndGlobal
