
Microsoft Visual Studio Solution File, Format Version 10.00
# Visual Studio 2008
Project("{FAE04EC0-301F-11D3-BF4B-00C04F79EFBC}") = "SilverlightApplication1", "SilverlightApplication1\SilverlightApplication1.csproj", "{BAF4BECF-4126-4BEE-9D40-4300D0E77E79}"
EndProject
Project("{E24C65DC-7377-472B-9ABA-BC803B73C61A}") = "SilverlightApplication1_Web", "SilverlightApplication1_Web\", "{D9629C5B-C3D7-4F95-A724-A70439D16184}"
	ProjectSection(WebsiteProperties) = preProject
		TargetFramework = "3.5"
		Debug.AspNetCompiler.VirtualPath = "/SilverlightApplication1_Web"
		Debug.AspNetCompiler.PhysicalPath = "SilverlightApplication1_Web\"
		Debug.AspNetCompiler.TargetPath = "PrecompiledWeb\SilverlightApplication1_Web\"
		Debug.AspNetCompiler.Updateable = "true"
		Debug.AspNetCompiler.ForceOverwrite = "true"
		Debug.AspNetCompiler.FixedNames = "false"
		Debug.AspNetCompiler.Debug = "True"
		Release.AspNetCompiler.VirtualPath = "/SilverlightApplication1_Web"
		Release.AspNetCompiler.PhysicalPath = "SilverlightApplication1_Web\"
		Release.AspNetCompiler.TargetPath = "PrecompiledWeb\SilverlightApplication1_Web\"
		Release.AspNetCompiler.Updateable = "true"
		Release.AspNetCompiler.ForceOverwrite = "true"
		Release.AspNetCompiler.FixedNames = "false"
		Release.AspNetCompiler.Debug = "False"
		VWDPort = "49214"
		DefaultWebSiteLanguage = "Visual C#"
		ProjOutputReferences = "{BAF4BECF-4126-4BEE-9D40-4300D0E77E79}|;"
	EndProjectSection
EndProject
Global
	GlobalSection(SolutionConfigurationPlatforms) = preSolution
		Debug|.NET = Debug|.NET
		Debug|Any CPU = Debug|Any CPU
		Debug|Mixed Platforms = Debug|Mixed Platforms
		Release|.NET = Release|.NET
		Release|Any CPU = Release|Any CPU
		Release|Mixed Platforms = Release|Mixed Platforms
	EndGlobalSection
	GlobalSection(ProjectConfigurationPlatforms) = postSolution
		{BAF4BECF-4126-4BEE-9D40-4300D0E77E79}.Debug|.NET.ActiveCfg = Debug|Any CPU
		{BAF4BECF-4126-4BEE-9D40-4300D0E77E79}.Debug|Any CPU.ActiveCfg = Debug|Any CPU
		{BAF4BECF-4126-4BEE-9D40-4300D0E77E79}.Debug|Any CPU.Build.0 = Debug|Any CPU
		{BAF4BECF-4126-4BEE-9D40-4300D0E77E79}.Debug|Mixed Platforms.ActiveCfg = Debug|Any CPU
		{BAF4BECF-4126-4BEE-9D40-4300D0E77E79}.Debug|Mixed Platforms.Build.0 = Debug|Any CPU
		{BAF4BECF-4126-4BEE-9D40-4300D0E77E79}.Release|.NET.ActiveCfg = Release|Any CPU
		{BAF4BECF-4126-4BEE-9D40-4300D0E77E79}.Release|Any CPU.ActiveCfg = Release|Any CPU
		{BAF4BECF-4126-4BEE-9D40-4300D0E77E79}.Release|Any CPU.Build.0 = Release|Any CPU
		{BAF4BECF-4126-4BEE-9D40-4300D0E77E79}.Release|Mixed Platforms.ActiveCfg = Release|Any CPU
		{BAF4BECF-4126-4BEE-9D40-4300D0E77E79}.Release|Mixed Platforms.Build.0 = Release|Any CPU
		{D9629C5B-C3D7-4F95-A724-A70439D16184}.Debug|.NET.ActiveCfg = Debug|.NET
		{D9629C5B-C3D7-4F95-A724-A70439D16184}.Debug|.NET.Build.0 = Debug|.NET
		{D9629C5B-C3D7-4F95-A724-A70439D16184}.Debug|Any CPU.ActiveCfg = Debug|.NET
		{D9629C5B-C3D7-4F95-A724-A70439D16184}.Debug|Mixed Platforms.ActiveCfg = Debug|.NET
		{D9629C5B-C3D7-4F95-A724-A70439D16184}.Debug|Mixed Platforms.Build.0 = Debug|.NET
		{D9629C5B-C3D7-4F95-A724-A70439D16184}.Release|.NET.ActiveCfg = Debug|.NET
		{D9629C5B-C3D7-4F95-A724-A70439D16184}.Release|.NET.Build.0 = Debug|.NET
		{D9629C5B-C3D7-4F95-A724-A70439D16184}.Release|Any CPU.ActiveCfg = Debug|.NET
		{D9629C5B-C3D7-4F95-A724-A70439D16184}.Release|Mixed Platforms.ActiveCfg = Debug|.NET
		{D9629C5B-C3D7-4F95-A724-A70439D16184}.Release|Mixed Platforms.Build.0 = Debug|.NET
	EndGlobalSection
	GlobalSection(SolutionProperties) = preSolution
		HideSolutionNode = FALSE
	EndGlobalSection
EndGlobal
